
Microsoft Visual Studio Solution File, Format Version 10.00
# Visual Studio 2008
Project("{8BC9CEB8-8B4A-11D0-8D11-00A0C91BC942}") = "hci_mobis_win_app", "hci_mobis_win_app.vcproj", "{F7A08E9A-EA25-48BE-BBF0-2CCD5763D86A}"
EndProject
Global
	GlobalSection(SolutionConfigurationPlatforms) = preSolution
		Debug|Win32 = Debug|Win32
	EndGlobalSection
	GlobalSection(ProjectConfigurationPlatforms) = postSolution
		{F7A08E9A-EA25-48BE-BBF0-2CCD5763D86A}.Debug|Win32.ActiveCfg = Debug|Win32
		{F7A08E9A-EA25-48BE-BBF0-2CCD5763D86A}.Debug|Win32.Build.0 = Debug|Win32
	EndGlobalSection
	GlobalSection(SolutionProperties) = preSolution
		HideSolutionNode = FALSE
	EndGlobalSection
EndGlobal
